
Microsoft Visual Studio Solution File, Format Version 12.00
# Visual Studio 2015
Project("{FAE04EC0-301F-11D3-BF4B-00C04F79EFBC}") = "IntegrationTerrain.CSharp", "IntegrationTerrain.CSharp.csproj", "{7CAF6ADD-540F-1F7F-BCC3-8B0C2C83825C}"
EndProject
Global
	GlobalSection(SolutionConfigurationPlatforms) = preSolution
		Debug|Any CPU = Debug|Any CPU
		Release|Any CPU = Release|Any CPU
	EndGlobalSection
	GlobalSection(ProjectConfigurationPlatforms) = postSolution
		{7CAF6ADD-540F-1F7F-BCC3-8B0C2C83825C}.Debug|Any CPU.ActiveCfg = Debug|Any CPU
		{7CAF6ADD-540F-1F7F-BCC3-8B0C2C83825C}.Debug|Any CPU.Build.0 = Debug|Any CPU
		{7CAF6ADD-540F-1F7F-BCC3-8B0C2C83825C}.Release|Any CPU.ActiveCfg = Release|Any CPU
		{7CAF6ADD-540F-1F7F-BCC3-8B0C2C83825C}.Release|Any CPU.Build.0 = Release|Any CPU
	EndGlobalSection
	GlobalSection(SolutionProperties) = preSolution
		HideSolutionNode = FALSE
	EndGlobalSection
EndGlobal
