
Microsoft Visual Studio Solution File, Format Version 12.00
# Visual Studio 2015
Project("{FAE04EC0-301F-11D3-BF4B-00C04F79EFBC}") = "test.CSharp.Plugins", "test.CSharp.Plugins.csproj", "{D1ED448A-208E-B12B-799E-6C485A7D003C}"
EndProject
Project("{FAE04EC0-301F-11D3-BF4B-00C04F79EFBC}") = "test.CSharp", "test.CSharp.csproj", "{B5784707-853A-E5E6-B7F1-70CC26CA32E1}"
EndProject
Project("{FAE04EC0-301F-11D3-BF4B-00C04F79EFBC}") = "test.CSharp.Editor", "test.CSharp.Editor.csproj", "{28BF664B-71F1-AD5D-7E3E-6D1A2CEBAB11}"
EndProject
Global
	GlobalSection(SolutionConfigurationPlatforms) = preSolution
		Debug|Any CPU = Debug|Any CPU
		Release|Any CPU = Release|Any CPU
	EndGlobalSection
	GlobalSection(ProjectConfigurationPlatforms) = postSolution
		{D1ED448A-208E-B12B-799E-6C485A7D003C}.Debug|Any CPU.ActiveCfg = Debug|Any CPU
		{D1ED448A-208E-B12B-799E-6C485A7D003C}.Debug|Any CPU.Build.0 = Debug|Any CPU
		{D1ED448A-208E-B12B-799E-6C485A7D003C}.Release|Any CPU.ActiveCfg = Release|Any CPU
		{D1ED448A-208E-B12B-799E-6C485A7D003C}.Release|Any CPU.Build.0 = Release|Any CPU
		{B5784707-853A-E5E6-B7F1-70CC26CA32E1}.Debug|Any CPU.ActiveCfg = Debug|Any CPU
		{B5784707-853A-E5E6-B7F1-70CC26CA32E1}.Debug|Any CPU.Build.0 = Debug|Any CPU
		{B5784707-853A-E5E6-B7F1-70CC26CA32E1}.Release|Any CPU.ActiveCfg = Release|Any CPU
		{B5784707-853A-E5E6-B7F1-70CC26CA32E1}.Release|Any CPU.Build.0 = Release|Any CPU
		{28BF664B-71F1-AD5D-7E3E-6D1A2CEBAB11}.Debug|Any CPU.ActiveCfg = Debug|Any CPU
		{28BF664B-71F1-AD5D-7E3E-6D1A2CEBAB11}.Debug|Any CPU.Build.0 = Debug|Any CPU
		{28BF664B-71F1-AD5D-7E3E-6D1A2CEBAB11}.Release|Any CPU.ActiveCfg = Release|Any CPU
		{28BF664B-71F1-AD5D-7E3E-6D1A2CEBAB11}.Release|Any CPU.Build.0 = Release|Any CPU
	EndGlobalSection
	GlobalSection(SolutionProperties) = preSolution
		HideSolutionNode = FALSE
	EndGlobalSection
EndGlobal
